
Microsoft Visual Studio Solution File, Format Version 12.00
# Visual Studio 15
VisualStudioVersion = 15.0.27428.1
MinimumVisualStudioVersion = 10.0.40219.1
Project("{FAE04EC0-301F-11D3-BF4B-00C04F79EFBC}") = "Payment_GaryQian", "Payment_GaryQian\Payment_GaryQian.csproj", "{750A0FE5-4237-42D0-9301-A9B5053F99C4}"
EndProject
Project("{FAE04EC0-301F-11D3-BF4B-00C04F79EFBC}") = "UnitTestProject", "UnitTestProject\UnitTestProject.csproj", "{A0D12E28-7D7F-4742-9232-565523A52303}"
EndProject
Global
	GlobalSection(SolutionConfigurationPlatforms) = preSolution
		Debug|Any CPU = Debug|Any CPU
		Debug|x64 = Debug|x64
		Release|Any CPU = Release|Any CPU
		Release|x64 = Release|x64
	EndGlobalSection
	GlobalSection(ProjectConfigurationPlatforms) = postSolution
		{750A0FE5-4237-42D0-9301-A9B5053F99C4}.Debug|Any CPU.ActiveCfg = Debug|Any CPU
		{750A0FE5-4237-42D0-9301-A9B5053F99C4}.Debug|Any CPU.Build.0 = Debug|Any CPU
		{750A0FE5-4237-42D0-9301-A9B5053F99C4}.Debug|x64.ActiveCfg = Debug|x64
		{750A0FE5-4237-42D0-9301-A9B5053F99C4}.Debug|x64.Build.0 = Debug|x64
		{750A0FE5-4237-42D0-9301-A9B5053F99C4}.Release|Any CPU.ActiveCfg = Release|Any CPU
		{750A0FE5-4237-42D0-9301-A9B5053F99C4}.Release|Any CPU.Build.0 = Release|Any CPU
		{750A0FE5-4237-42D0-9301-A9B5053F99C4}.Release|x64.ActiveCfg = Release|x64
		{750A0FE5-4237-42D0-9301-A9B5053F99C4}.Release|x64.Build.0 = Release|x64
		{A0D12E28-7D7F-4742-9232-565523A52303}.Debug|Any CPU.ActiveCfg = Debug|Any CPU
		{A0D12E28-7D7F-4742-9232-565523A52303}.Debug|Any CPU.Build.0 = Debug|Any CPU
		{A0D12E28-7D7F-4742-9232-565523A52303}.Debug|x64.ActiveCfg = Debug|Any CPU
		{A0D12E28-7D7F-4742-9232-565523A52303}.Debug|x64.Build.0 = Debug|Any CPU
		{A0D12E28-7D7F-4742-9232-565523A52303}.Release|Any CPU.ActiveCfg = Release|Any CPU
		{A0D12E28-7D7F-4742-9232-565523A52303}.Release|Any CPU.Build.0 = Release|Any CPU
		{A0D12E28-7D7F-4742-9232-565523A52303}.Release|x64.ActiveCfg = Release|Any CPU
		{A0D12E28-7D7F-4742-9232-565523A52303}.Release|x64.Build.0 = Release|Any CPU
	EndGlobalSection
	GlobalSection(SolutionProperties) = preSolution
		HideSolutionNode = FALSE
	EndGlobalSection
	GlobalSection(ExtensibilityGlobals) = postSolution
		SolutionGuid = {27E5DF9C-5D45-460D-ABCA-79361C955669}
	EndGlobalSection
EndGlobal
